
Microsoft Visual Studio Solution File, Format Version 12.00
# Visual Studio Version 16
VisualStudioVersion = 16.0.28803.916
MinimumVisualStudioVersion = 10.0.40219.1
Project("{FAE04EC0-301F-11D3-BF4B-00C04F79EFBC}") = "soma", "soma\soma.csproj", "{C0DDAB9C-A1AE-4C21-A794-50DD7A179711}"
EndProject
Global
	GlobalSection(SolutionConfigurationPlatforms) = preSolution
		Debug|Any CPU = Debug|Any CPU
		Release|Any CPU = Release|Any CPU
	EndGlobalSection
	GlobalSection(ProjectConfigurationPlatforms) = postSolution
		{C0DDAB9C-A1AE-4C21-A794-50DD7A179711}.Debug|Any CPU.ActiveCfg = Debug|Any CPU
		{C0DDAB9C-A1AE-4C21-A794-50DD7A179711}.Debug|Any CPU.Build.0 = Debug|Any CPU
		{C0DDAB9C-A1AE-4C21-A794-50DD7A179711}.Release|Any CPU.ActiveCfg = Release|Any CPU
		{C0DDAB9C-A1AE-4C21-A794-50DD7A179711}.Release|Any CPU.Build.0 = Release|Any CPU
	EndGlobalSection
	GlobalSection(SolutionProperties) = preSolution
		HideSolutionNode = FALSE
	EndGlobalSection
	GlobalSection(ExtensibilityGlobals) = postSolution
		SolutionGuid = {3275BFD6-8849-4C7F-99A1-499BCDDDE722}
	EndGlobalSection
EndGlobal
