
Microsoft Visual Studio Solution File, Format Version 12.00
# Visual Studio Version 16
VisualStudioVersion = 16.0.28803.916
MinimumVisualStudioVersion = 10.0.40219.1
Project("{FAE04EC0-301F-11D3-BF4B-00C04F79EFBC}") = "Calculadorora", "Calculadorora\Calculadorora.csproj", "{B4069DE4-827B-4425-92DB-DED5C4D3DC87}"
EndProject
Global
	GlobalSection(SolutionConfigurationPlatforms) = preSolution
		Debug|Any CPU = Debug|Any CPU
		Release|Any CPU = Release|Any CPU
	EndGlobalSection
	GlobalSection(ProjectConfigurationPlatforms) = postSolution
		{B4069DE4-827B-4425-92DB-DED5C4D3DC87}.Debug|Any CPU.ActiveCfg = Debug|Any CPU
		{B4069DE4-827B-4425-92DB-DED5C4D3DC87}.Debug|Any CPU.Build.0 = Debug|Any CPU
		{B4069DE4-827B-4425-92DB-DED5C4D3DC87}.Release|Any CPU.ActiveCfg = Release|Any CPU
		{B4069DE4-827B-4425-92DB-DED5C4D3DC87}.Release|Any CPU.Build.0 = Release|Any CPU
	EndGlobalSection
	GlobalSection(SolutionProperties) = preSolution
		HideSolutionNode = FALSE
	EndGlobalSection
	GlobalSection(ExtensibilityGlobals) = postSolution
		SolutionGuid = {B5AE49B1-FA5F-4390-BD8B-1EC3EFAE1F7A}
	EndGlobalSection
EndGlobal
